
Microsoft Visual Studio Solution File, Format Version 12.00
# Visual Studio 2012
Project("{2150E333-8FDC-42A3-9474-1A3956D46DE8}") = "Libraries", "Libraries", "{13B677F7-33FA-4CAD-84F4-505CD2C29EAD}"
EndProject
Project("{2150E333-8FDC-42A3-9474-1A3956D46DE8}") = "Presentation", "Presentation", "{47055D86-7686-459E-BAC7-B188B0ADAF54}"
EndProject
Project("{2150E333-8FDC-42A3-9474-1A3956D46DE8}") = "Test", "Test", "{18DA00B3-7DBB-4E89-B935-3F9CD774BD2D}"
EndProject
Project("{FAE04EC0-301F-11D3-BF4B-00C04F79EFBC}") = "Liki.Core", "Libraries\Liki.Core\Liki.Core.csproj", "{E73E33F6-C1AF-46D5-8EB2-3A84814A9BB2}"
EndProject
Project("{FAE04EC0-301F-11D3-BF4B-00C04F79EFBC}") = "Liki.Data", "Libraries\Liki.Data\Liki.Data.csproj", "{03AE65F1-4EC4-49C9-A891-8F9090B33FAA}"
EndProject
Project("{FAE04EC0-301F-11D3-BF4B-00C04F79EFBC}") = "Liki.Service", "Libraries\Liki.Service\Liki.Service.csproj", "{9EB58932-4082-4E74-9531-0E1E96CE62FB}"
EndProject
Project("{FAE04EC0-301F-11D3-BF4B-00C04F79EFBC}") = "Liki.Web", "Presentation\Liki.Web\Liki.Web.csproj", "{3AAB1044-AB5E-4F2C-8A0C-986A48399523}"
EndProject
Project("{2150E333-8FDC-42A3-9474-1A3956D46DE8}") = ".nuget", ".nuget", "{457B15CA-93AB-43F6-8B7D-4100C82097DA}"
	ProjectSection(SolutionItems) = preProject
		.nuget\NuGet.Config = .nuget\NuGet.Config
		.nuget\NuGet.exe = .nuget\NuGet.exe
		.nuget\NuGet.targets = .nuget\NuGet.targets
	EndProjectSection
EndProject
Project("{FAE04EC0-301F-11D3-BF4B-00C04F79EFBC}") = "Liki.Infrastructure", "Libraries\Liki.Infrastructure\Liki.Infrastructure.csproj", "{EBF2E4E3-DEC0-4C97-82C7-276CE45E9071}"
EndProject
Project("{FAE04EC0-301F-11D3-BF4B-00C04F79EFBC}") = "Liki.Enums", "Libraries\Liki.Enums\Liki.Enums.csproj", "{3766F467-4D41-4E14-A152-458189E10F89}"
EndProject
Global
	GlobalSection(SolutionConfigurationPlatforms) = preSolution
		Debug|Any CPU = Debug|Any CPU
		Release|Any CPU = Release|Any CPU
	EndGlobalSection
	GlobalSection(ProjectConfigurationPlatforms) = postSolution
		{E73E33F6-C1AF-46D5-8EB2-3A84814A9BB2}.Debug|Any CPU.ActiveCfg = Debug|Any CPU
		{E73E33F6-C1AF-46D5-8EB2-3A84814A9BB2}.Debug|Any CPU.Build.0 = Debug|Any CPU
		{E73E33F6-C1AF-46D5-8EB2-3A84814A9BB2}.Release|Any CPU.ActiveCfg = Release|Any CPU
		{E73E33F6-C1AF-46D5-8EB2-3A84814A9BB2}.Release|Any CPU.Build.0 = Release|Any CPU
		{03AE65F1-4EC4-49C9-A891-8F9090B33FAA}.Debug|Any CPU.ActiveCfg = Debug|Any CPU
		{03AE65F1-4EC4-49C9-A891-8F9090B33FAA}.Debug|Any CPU.Build.0 = Debug|Any CPU
		{03AE65F1-4EC4-49C9-A891-8F9090B33FAA}.Release|Any CPU.ActiveCfg = Release|Any CPU
		{03AE65F1-4EC4-49C9-A891-8F9090B33FAA}.Release|Any CPU.Build.0 = Release|Any CPU
		{9EB58932-4082-4E74-9531-0E1E96CE62FB}.Debug|Any CPU.ActiveCfg = Debug|Any CPU
		{9EB58932-4082-4E74-9531-0E1E96CE62FB}.Debug|Any CPU.Build.0 = Debug|Any CPU
		{9EB58932-4082-4E74-9531-0E1E96CE62FB}.Release|Any CPU.ActiveCfg = Release|Any CPU
		{9EB58932-4082-4E74-9531-0E1E96CE62FB}.Release|Any CPU.Build.0 = Release|Any CPU
		{3AAB1044-AB5E-4F2C-8A0C-986A48399523}.Debug|Any CPU.ActiveCfg = Debug|Any CPU
		{3AAB1044-AB5E-4F2C-8A0C-986A48399523}.Debug|Any CPU.Build.0 = Debug|Any CPU
		{3AAB1044-AB5E-4F2C-8A0C-986A48399523}.Release|Any CPU.ActiveCfg = Release|Any CPU
		{3AAB1044-AB5E-4F2C-8A0C-986A48399523}.Release|Any CPU.Build.0 = Release|Any CPU
		{EBF2E4E3-DEC0-4C97-82C7-276CE45E9071}.Debug|Any CPU.ActiveCfg = Debug|Any CPU
		{EBF2E4E3-DEC0-4C97-82C7-276CE45E9071}.Debug|Any CPU.Build.0 = Debug|Any CPU
		{EBF2E4E3-DEC0-4C97-82C7-276CE45E9071}.Release|Any CPU.ActiveCfg = Release|Any CPU
		{EBF2E4E3-DEC0-4C97-82C7-276CE45E9071}.Release|Any CPU.Build.0 = Release|Any CPU
		{3766F467-4D41-4E14-A152-458189E10F89}.Debug|Any CPU.ActiveCfg = Debug|Any CPU
		{3766F467-4D41-4E14-A152-458189E10F89}.Debug|Any CPU.Build.0 = Debug|Any CPU
		{3766F467-4D41-4E14-A152-458189E10F89}.Release|Any CPU.ActiveCfg = Release|Any CPU
		{3766F467-4D41-4E14-A152-458189E10F89}.Release|Any CPU.Build.0 = Release|Any CPU
	EndGlobalSection
	GlobalSection(SolutionProperties) = preSolution
		HideSolutionNode = FALSE
	EndGlobalSection
	GlobalSection(NestedProjects) = preSolution
		{E73E33F6-C1AF-46D5-8EB2-3A84814A9BB2} = {13B677F7-33FA-4CAD-84F4-505CD2C29EAD}
		{03AE65F1-4EC4-49C9-A891-8F9090B33FAA} = {13B677F7-33FA-4CAD-84F4-505CD2C29EAD}
		{9EB58932-4082-4E74-9531-0E1E96CE62FB} = {13B677F7-33FA-4CAD-84F4-505CD2C29EAD}
		{EBF2E4E3-DEC0-4C97-82C7-276CE45E9071} = {13B677F7-33FA-4CAD-84F4-505CD2C29EAD}
		{3766F467-4D41-4E14-A152-458189E10F89} = {13B677F7-33FA-4CAD-84F4-505CD2C29EAD}
		{3AAB1044-AB5E-4F2C-8A0C-986A48399523} = {47055D86-7686-459E-BAC7-B188B0ADAF54}
	EndGlobalSection
EndGlobal
