
Microsoft Visual Studio Solution File, Format Version 12.00
# Visual Studio 2012
Project("{2150E333-8FDC-42A3-9474-1A3956D46DE8}") = "Liki", "Liki", "{13B677F7-33FA-4CAD-84F4-505CD2C29EAD}"
EndProject
Project("{2150E333-8FDC-42A3-9474-1A3956D46DE8}") = "Presentation", "Presentation", "{47055D86-7686-459E-BAC7-B188B0ADAF54}"
EndProject
Project("{2150E333-8FDC-42A3-9474-1A3956D46DE8}") = "Test", "Test", "{18DA00B3-7DBB-4E89-B935-3F9CD774BD2D}"
EndProject
Project("{2150E333-8FDC-42A3-9474-1A3956D46DE8}") = ".nuget", ".nuget", "{457B15CA-93AB-43F6-8B7D-4100C82097DA}"
	ProjectSection(SolutionItems) = preProject
		.nuget\NuGet.Config = .nuget\NuGet.Config
		.nuget\NuGet.exe = .nuget\NuGet.exe
		.nuget\NuGet.targets = .nuget\NuGet.targets
	EndProjectSection
EndProject
Project("{FAE04EC0-301F-11D3-BF4B-00C04F79EFBC}") = "Domain.Core", "App\Domain.Core\Domain.Core.csproj", "{E73E33F6-C1AF-46D5-8EB2-3A84814A9BB2}"
EndProject
Project("{FAE04EC0-301F-11D3-BF4B-00C04F79EFBC}") = "App.Service", "App\App.Service\App.Service.csproj", "{9EB58932-4082-4E74-9531-0E1E96CE62FB}"
EndProject
Project("{2150E333-8FDC-42A3-9474-1A3956D46DE8}") = "Infrastructure", "Infrastructure", "{497A85F6-234D-494B-A68C-A16EE8486B61}"
EndProject
Project("{FAE04EC0-301F-11D3-BF4B-00C04F79EFBC}") = "Infrastructure.Data.Seedwork", "App\Infrastructure.Data.Seedwork\Infrastructure.Data.Seedwork.csproj", "{03AE65F1-4EC4-49C9-A891-8F9090B33FAA}"
EndProject
Project("{2150E333-8FDC-42A3-9474-1A3956D46DE8}") = "App", "App", "{3C6EB0AD-518E-4AE0-BFD8-FB2F7BC253E6}"
EndProject
Project("{FAE04EC0-301F-11D3-BF4B-00C04F79EFBC}") = "App.Service.DTO", "App\App.Service.DTO\App.Service.DTO.csproj", "{60D44016-9AE1-49FC-8359-005935140FEF}"
EndProject
Project("{2150E333-8FDC-42A3-9474-1A3956D46DE8}") = "Domain", "Domain", "{F5AF7569-8393-4CFF-8981-3A7702E33C66}"
EndProject
Project("{2150E333-8FDC-42A3-9474-1A3956D46DE8}") = "Core", "Core", "{4E7C1C72-B23F-4A34-AB4A-D89F561D7FA7}"
EndProject
Project("{2150E333-8FDC-42A3-9474-1A3956D46DE8}") = "Seedwork", "Seedwork", "{C6F36D32-228F-4A6F-8C3F-2E3CEF1F7F3D}"
EndProject
Project("{FAE04EC0-301F-11D3-BF4B-00C04F79EFBC}") = "Domain.Seedwork", "App\Domain.Seedwork\Domain.Seedwork.csproj", "{1AA2ADD1-35E4-46A2-827A-035E3DEDE571}"
EndProject
Project("{FAE04EC0-301F-11D3-BF4B-00C04F79EFBC}") = "Infrastructure.Data.Core", "App\Infrastructure.Data.Core\Infrastructure.Data.Core.csproj", "{0653369A-6B3A-48AB-8C36-099437CC3E2B}"
EndProject
Project("{2150E333-8FDC-42A3-9474-1A3956D46DE8}") = "Data", "Data", "{84CEE321-E1F6-4EAF-A364-8638C4B2EE6B}"
EndProject
Project("{2150E333-8FDC-42A3-9474-1A3956D46DE8}") = "Core", "Core", "{B3353199-C130-4A7D-BEBC-53714BAE98CB}"
EndProject
Project("{2150E333-8FDC-42A3-9474-1A3956D46DE8}") = "Seedwork", "Seedwork", "{BD8A14A4-A130-48AF-8779-15541571CE6E}"
EndProject
Project("{2150E333-8FDC-42A3-9474-1A3956D46DE8}") = "App.Test", "App.Test", "{0F8DFA6B-8686-48E4-9B04-70AF1F80749F}"
EndProject
Project("{2150E333-8FDC-42A3-9474-1A3956D46DE8}") = "Domain.Test", "Domain.Test", "{F03C02F8-1DBB-4D91-A8F3-EEB6414CC2B9}"
EndProject
Project("{2150E333-8FDC-42A3-9474-1A3956D46DE8}") = "Infrastructure.Test", "Infrastructure.Test", "{BEC211B0-A798-4002-8848-BCB61DB599D1}"
EndProject
Project("{2150E333-8FDC-42A3-9474-1A3956D46DE8}") = "Liki.Test", "Liki.Test", "{95E2F3E6-EBE7-4B85-8324-FFCBA777E6F1}"
EndProject
Project("{FAE04EC0-301F-11D3-BF4B-00C04F79EFBC}") = "App.Service.Test", "Test\Liki.Test\App.Service.Test\App.Service.Test.csproj", "{5F59FC9E-DDD8-47C1-A7AA-D1196BBD1304}"
EndProject
Project("{2150E333-8FDC-42A3-9474-1A3956D46DE8}") = "Core.Test", "Core.Test", "{671D99C3-79BA-4617-8C82-CB147B1620E4}"
EndProject
Project("{2150E333-8FDC-42A3-9474-1A3956D46DE8}") = "Seedwork.Test", "Seedwork.Test", "{67908E14-ECB6-4C70-A088-048A6D0082D2}"
EndProject
Project("{FAE04EC0-301F-11D3-BF4B-00C04F79EFBC}") = "Domain.Core.Test", "Test\Liki.Test\Domain.Core.Test\Domain.Core.Test.csproj", "{FE0E91C8-EF3E-471E-AFFC-FD826B7E0B4E}"
EndProject
Project("{FAE04EC0-301F-11D3-BF4B-00C04F79EFBC}") = "Domain.Seedwork.Test", "Test\Liki.Test\Domain.Seedwork.Test\Domain.Seedwork.Test.csproj", "{DDA2C8C4-7C0A-4414-A226-6F51C8530916}"
EndProject
Project("{2150E333-8FDC-42A3-9474-1A3956D46DE8}") = "Data.Test", "Data.Test", "{3AFABCFE-D368-4A92-ACD1-3F95529959ED}"
EndProject
Project("{2150E333-8FDC-42A3-9474-1A3956D46DE8}") = "Core.Test", "Core.Test", "{BEBB723C-92B3-4657-9535-F141D1824C41}"
EndProject
Project("{2150E333-8FDC-42A3-9474-1A3956D46DE8}") = "Seedwork.Test", "Seedwork.Test", "{770AE8E1-F468-4289-987A-1E03C7B86072}"
EndProject
Project("{FAE04EC0-301F-11D3-BF4B-00C04F79EFBC}") = "Infrastructure.Data.Core.Test", "Test\Liki.Test\Infrastructure.Data.Core.Test\Infrastructure.Data.Core.Test.csproj", "{50B2003D-13B3-4E94-A49F-797FDBFFEC39}"
EndProject
Project("{FAE04EC0-301F-11D3-BF4B-00C04F79EFBC}") = "Infrastructure.Data.Seedwork.Test", "Test\Liki.Test\Infrastructure.Data.Seedwork.Test\Infrastructure.Data.Seedwork.Test.csproj", "{5456063E-EFEB-4DA4-828A-AC11D0007A29}"
EndProject
Project("{2150E333-8FDC-42A3-9474-1A3956D46DE8}") = "Presentation.Test", "Presentation.Test", "{7B5F49CE-8206-4580-973B-A9B7A6B1CB87}"
EndProject
Project("{FAE04EC0-301F-11D3-BF4B-00C04F79EFBC}") = "Liki.Web.Test", "Test\Presentation.Test\Liki.Web.Test\Liki.Web.Test.csproj", "{7C32C958-9076-4F53-B70F-08827A84F423}"
EndProject
Project("{FAE04EC0-301F-11D3-BF4B-00C04F79EFBC}") = "Liki.WebAPI", "App\Liki.WebAPI\Liki.WebAPI.csproj", "{4BBDCBA2-6FD9-41EE-A650-AF4FF9EDF251}"
EndProject
Project("{FAE04EC0-301F-11D3-BF4B-00C04F79EFBC}") = "Liki.WebAPI.Tests", "App\Liki.WebAPI.Tests\Liki.WebAPI.Tests.csproj", "{D3E0CC0D-C327-4276-8C9E-44BB752377D3}"
EndProject
Project("{FAE04EC0-301F-11D3-BF4B-00C04F79EFBC}") = "Liki.Web", "Presentation\Liki.Web\Liki.Web.csproj", "{080246EA-42BF-4501-884E-9D19C3FBCE66}"
EndProject
Project("{2150E333-8FDC-42A3-9474-1A3956D46DE8}") = "dbscript", "dbscript", "{E67DB064-8599-415F-9195-00EE865D7DF6}"
	ProjectSection(SolutionItems) = preProject
		dbscript\LikiDB Script.sql = dbscript\LikiDB Script.sql
	EndProjectSection
EndProject
Global
	GlobalSection(SolutionConfigurationPlatforms) = preSolution
		Debug|Any CPU = Debug|Any CPU
		Release|Any CPU = Release|Any CPU
	EndGlobalSection
	GlobalSection(ProjectConfigurationPlatforms) = postSolution
		{E73E33F6-C1AF-46D5-8EB2-3A84814A9BB2}.Debug|Any CPU.ActiveCfg = Debug|Any CPU
		{E73E33F6-C1AF-46D5-8EB2-3A84814A9BB2}.Debug|Any CPU.Build.0 = Debug|Any CPU
		{E73E33F6-C1AF-46D5-8EB2-3A84814A9BB2}.Release|Any CPU.ActiveCfg = Release|Any CPU
		{E73E33F6-C1AF-46D5-8EB2-3A84814A9BB2}.Release|Any CPU.Build.0 = Release|Any CPU
		{9EB58932-4082-4E74-9531-0E1E96CE62FB}.Debug|Any CPU.ActiveCfg = Debug|Any CPU
		{9EB58932-4082-4E74-9531-0E1E96CE62FB}.Debug|Any CPU.Build.0 = Debug|Any CPU
		{9EB58932-4082-4E74-9531-0E1E96CE62FB}.Release|Any CPU.ActiveCfg = Release|Any CPU
		{9EB58932-4082-4E74-9531-0E1E96CE62FB}.Release|Any CPU.Build.0 = Release|Any CPU
		{03AE65F1-4EC4-49C9-A891-8F9090B33FAA}.Debug|Any CPU.ActiveCfg = Debug|Any CPU
		{03AE65F1-4EC4-49C9-A891-8F9090B33FAA}.Debug|Any CPU.Build.0 = Debug|Any CPU
		{03AE65F1-4EC4-49C9-A891-8F9090B33FAA}.Release|Any CPU.ActiveCfg = Release|Any CPU
		{03AE65F1-4EC4-49C9-A891-8F9090B33FAA}.Release|Any CPU.Build.0 = Release|Any CPU
		{60D44016-9AE1-49FC-8359-005935140FEF}.Debug|Any CPU.ActiveCfg = Debug|Any CPU
		{60D44016-9AE1-49FC-8359-005935140FEF}.Debug|Any CPU.Build.0 = Debug|Any CPU
		{60D44016-9AE1-49FC-8359-005935140FEF}.Release|Any CPU.ActiveCfg = Release|Any CPU
		{60D44016-9AE1-49FC-8359-005935140FEF}.Release|Any CPU.Build.0 = Release|Any CPU
		{1AA2ADD1-35E4-46A2-827A-035E3DEDE571}.Debug|Any CPU.ActiveCfg = Debug|Any CPU
		{1AA2ADD1-35E4-46A2-827A-035E3DEDE571}.Debug|Any CPU.Build.0 = Debug|Any CPU
		{1AA2ADD1-35E4-46A2-827A-035E3DEDE571}.Release|Any CPU.ActiveCfg = Release|Any CPU
		{1AA2ADD1-35E4-46A2-827A-035E3DEDE571}.Release|Any CPU.Build.0 = Release|Any CPU
		{0653369A-6B3A-48AB-8C36-099437CC3E2B}.Debug|Any CPU.ActiveCfg = Debug|Any CPU
		{0653369A-6B3A-48AB-8C36-099437CC3E2B}.Debug|Any CPU.Build.0 = Debug|Any CPU
		{0653369A-6B3A-48AB-8C36-099437CC3E2B}.Release|Any CPU.ActiveCfg = Release|Any CPU
		{0653369A-6B3A-48AB-8C36-099437CC3E2B}.Release|Any CPU.Build.0 = Release|Any CPU
		{5F59FC9E-DDD8-47C1-A7AA-D1196BBD1304}.Debug|Any CPU.ActiveCfg = Debug|Any CPU
		{5F59FC9E-DDD8-47C1-A7AA-D1196BBD1304}.Debug|Any CPU.Build.0 = Debug|Any CPU
		{5F59FC9E-DDD8-47C1-A7AA-D1196BBD1304}.Release|Any CPU.ActiveCfg = Release|Any CPU
		{5F59FC9E-DDD8-47C1-A7AA-D1196BBD1304}.Release|Any CPU.Build.0 = Release|Any CPU
		{FE0E91C8-EF3E-471E-AFFC-FD826B7E0B4E}.Debug|Any CPU.ActiveCfg = Debug|Any CPU
		{FE0E91C8-EF3E-471E-AFFC-FD826B7E0B4E}.Debug|Any CPU.Build.0 = Debug|Any CPU
		{FE0E91C8-EF3E-471E-AFFC-FD826B7E0B4E}.Release|Any CPU.ActiveCfg = Release|Any CPU
		{FE0E91C8-EF3E-471E-AFFC-FD826B7E0B4E}.Release|Any CPU.Build.0 = Release|Any CPU
		{DDA2C8C4-7C0A-4414-A226-6F51C8530916}.Debug|Any CPU.ActiveCfg = Debug|Any CPU
		{DDA2C8C4-7C0A-4414-A226-6F51C8530916}.Debug|Any CPU.Build.0 = Debug|Any CPU
		{DDA2C8C4-7C0A-4414-A226-6F51C8530916}.Release|Any CPU.ActiveCfg = Release|Any CPU
		{DDA2C8C4-7C0A-4414-A226-6F51C8530916}.Release|Any CPU.Build.0 = Release|Any CPU
		{50B2003D-13B3-4E94-A49F-797FDBFFEC39}.Debug|Any CPU.ActiveCfg = Debug|Any CPU
		{50B2003D-13B3-4E94-A49F-797FDBFFEC39}.Debug|Any CPU.Build.0 = Debug|Any CPU
		{50B2003D-13B3-4E94-A49F-797FDBFFEC39}.Release|Any CPU.ActiveCfg = Release|Any CPU
		{50B2003D-13B3-4E94-A49F-797FDBFFEC39}.Release|Any CPU.Build.0 = Release|Any CPU
		{5456063E-EFEB-4DA4-828A-AC11D0007A29}.Debug|Any CPU.ActiveCfg = Debug|Any CPU
		{5456063E-EFEB-4DA4-828A-AC11D0007A29}.Debug|Any CPU.Build.0 = Debug|Any CPU
		{5456063E-EFEB-4DA4-828A-AC11D0007A29}.Release|Any CPU.ActiveCfg = Release|Any CPU
		{5456063E-EFEB-4DA4-828A-AC11D0007A29}.Release|Any CPU.Build.0 = Release|Any CPU
		{7C32C958-9076-4F53-B70F-08827A84F423}.Debug|Any CPU.ActiveCfg = Debug|Any CPU
		{7C32C958-9076-4F53-B70F-08827A84F423}.Debug|Any CPU.Build.0 = Debug|Any CPU
		{7C32C958-9076-4F53-B70F-08827A84F423}.Release|Any CPU.ActiveCfg = Release|Any CPU
		{7C32C958-9076-4F53-B70F-08827A84F423}.Release|Any CPU.Build.0 = Release|Any CPU
		{4BBDCBA2-6FD9-41EE-A650-AF4FF9EDF251}.Debug|Any CPU.ActiveCfg = Debug|Any CPU
		{4BBDCBA2-6FD9-41EE-A650-AF4FF9EDF251}.Debug|Any CPU.Build.0 = Debug|Any CPU
		{4BBDCBA2-6FD9-41EE-A650-AF4FF9EDF251}.Release|Any CPU.ActiveCfg = Release|Any CPU
		{4BBDCBA2-6FD9-41EE-A650-AF4FF9EDF251}.Release|Any CPU.Build.0 = Release|Any CPU
		{D3E0CC0D-C327-4276-8C9E-44BB752377D3}.Debug|Any CPU.ActiveCfg = Debug|Any CPU
		{D3E0CC0D-C327-4276-8C9E-44BB752377D3}.Debug|Any CPU.Build.0 = Debug|Any CPU
		{D3E0CC0D-C327-4276-8C9E-44BB752377D3}.Release|Any CPU.ActiveCfg = Release|Any CPU
		{D3E0CC0D-C327-4276-8C9E-44BB752377D3}.Release|Any CPU.Build.0 = Release|Any CPU
		{080246EA-42BF-4501-884E-9D19C3FBCE66}.Debug|Any CPU.ActiveCfg = Debug|Any CPU
		{080246EA-42BF-4501-884E-9D19C3FBCE66}.Debug|Any CPU.Build.0 = Debug|Any CPU
		{080246EA-42BF-4501-884E-9D19C3FBCE66}.Release|Any CPU.ActiveCfg = Release|Any CPU
		{080246EA-42BF-4501-884E-9D19C3FBCE66}.Release|Any CPU.Build.0 = Release|Any CPU
	EndGlobalSection
	GlobalSection(SolutionProperties) = preSolution
		HideSolutionNode = FALSE
	EndGlobalSection
	GlobalSection(NestedProjects) = preSolution
		{F5AF7569-8393-4CFF-8981-3A7702E33C66} = {13B677F7-33FA-4CAD-84F4-505CD2C29EAD}
		{3C6EB0AD-518E-4AE0-BFD8-FB2F7BC253E6} = {13B677F7-33FA-4CAD-84F4-505CD2C29EAD}
		{497A85F6-234D-494B-A68C-A16EE8486B61} = {13B677F7-33FA-4CAD-84F4-505CD2C29EAD}
		{4BBDCBA2-6FD9-41EE-A650-AF4FF9EDF251} = {47055D86-7686-459E-BAC7-B188B0ADAF54}
		{080246EA-42BF-4501-884E-9D19C3FBCE66} = {47055D86-7686-459E-BAC7-B188B0ADAF54}
		{95E2F3E6-EBE7-4B85-8324-FFCBA777E6F1} = {18DA00B3-7DBB-4E89-B935-3F9CD774BD2D}
		{7B5F49CE-8206-4580-973B-A9B7A6B1CB87} = {18DA00B3-7DBB-4E89-B935-3F9CD774BD2D}
		{4E7C1C72-B23F-4A34-AB4A-D89F561D7FA7} = {F5AF7569-8393-4CFF-8981-3A7702E33C66}
		{C6F36D32-228F-4A6F-8C3F-2E3CEF1F7F3D} = {F5AF7569-8393-4CFF-8981-3A7702E33C66}
		{9EB58932-4082-4E74-9531-0E1E96CE62FB} = {3C6EB0AD-518E-4AE0-BFD8-FB2F7BC253E6}
		{60D44016-9AE1-49FC-8359-005935140FEF} = {3C6EB0AD-518E-4AE0-BFD8-FB2F7BC253E6}
		{84CEE321-E1F6-4EAF-A364-8638C4B2EE6B} = {497A85F6-234D-494B-A68C-A16EE8486B61}
		{B3353199-C130-4A7D-BEBC-53714BAE98CB} = {84CEE321-E1F6-4EAF-A364-8638C4B2EE6B}
		{BD8A14A4-A130-48AF-8779-15541571CE6E} = {84CEE321-E1F6-4EAF-A364-8638C4B2EE6B}
		{E73E33F6-C1AF-46D5-8EB2-3A84814A9BB2} = {4E7C1C72-B23F-4A34-AB4A-D89F561D7FA7}
		{1AA2ADD1-35E4-46A2-827A-035E3DEDE571} = {C6F36D32-228F-4A6F-8C3F-2E3CEF1F7F3D}
		{0653369A-6B3A-48AB-8C36-099437CC3E2B} = {B3353199-C130-4A7D-BEBC-53714BAE98CB}
		{03AE65F1-4EC4-49C9-A891-8F9090B33FAA} = {BD8A14A4-A130-48AF-8779-15541571CE6E}
		{F03C02F8-1DBB-4D91-A8F3-EEB6414CC2B9} = {95E2F3E6-EBE7-4B85-8324-FFCBA777E6F1}
		{BEC211B0-A798-4002-8848-BCB61DB599D1} = {95E2F3E6-EBE7-4B85-8324-FFCBA777E6F1}
		{0F8DFA6B-8686-48E4-9B04-70AF1F80749F} = {95E2F3E6-EBE7-4B85-8324-FFCBA777E6F1}
		{671D99C3-79BA-4617-8C82-CB147B1620E4} = {F03C02F8-1DBB-4D91-A8F3-EEB6414CC2B9}
		{67908E14-ECB6-4C70-A088-048A6D0082D2} = {F03C02F8-1DBB-4D91-A8F3-EEB6414CC2B9}
		{3AFABCFE-D368-4A92-ACD1-3F95529959ED} = {BEC211B0-A798-4002-8848-BCB61DB599D1}
		{5F59FC9E-DDD8-47C1-A7AA-D1196BBD1304} = {0F8DFA6B-8686-48E4-9B04-70AF1F80749F}
		{FE0E91C8-EF3E-471E-AFFC-FD826B7E0B4E} = {671D99C3-79BA-4617-8C82-CB147B1620E4}
		{DDA2C8C4-7C0A-4414-A226-6F51C8530916} = {67908E14-ECB6-4C70-A088-048A6D0082D2}
		{BEBB723C-92B3-4657-9535-F141D1824C41} = {3AFABCFE-D368-4A92-ACD1-3F95529959ED}
		{770AE8E1-F468-4289-987A-1E03C7B86072} = {3AFABCFE-D368-4A92-ACD1-3F95529959ED}
		{50B2003D-13B3-4E94-A49F-797FDBFFEC39} = {BEBB723C-92B3-4657-9535-F141D1824C41}
		{5456063E-EFEB-4DA4-828A-AC11D0007A29} = {770AE8E1-F468-4289-987A-1E03C7B86072}
		{7C32C958-9076-4F53-B70F-08827A84F423} = {7B5F49CE-8206-4580-973B-A9B7A6B1CB87}
		{D3E0CC0D-C327-4276-8C9E-44BB752377D3} = {7B5F49CE-8206-4580-973B-A9B7A6B1CB87}
	EndGlobalSection
EndGlobal
